PODS:
  - Nimble (7.0.2)
  - Presentables (0.2.0)
  - Quick (1.2.0)
  - SnapKit (4.0.0)

DEPENDENCIES:
  - Nimble
  - Presentables (from `../`)
  - Quick
  - SnapKit

EXTERNAL SOURCES:
  Presentables:
    :path: ../

SPEC CHECKSUMS:
  Nimble: bfe1f814edabba69ff145cb1283e04ed636a67f2
  Presentables: 2223c2c7558496886fdc24673bf77c940097d2f5
  Quick: 58d203b1c5e27fff7229c4c1ae445ad7069a7a08
  SnapKit: a42d492c16e80209130a3379f73596c3454b7694

PODFILE CHECKSUM: 59516cb001cf1ca069d2e07e97f15c3b79b15652

COCOAPODS: 1.3.1
