PODS:
  - Presentables (0.5.1)
  - SnapKit (4.0.0)

DEPENDENCIES:
  - Presentables (from `../`)
  - SnapKit

EXTERNAL SOURCES:
  Presentables:
    :path: ../

SPEC CHECKSUMS:
  Presentables: 225fe45f80ef41fc3ddcdd34bd8569362b3c04c1
  SnapKit: a42d492c16e80209130a3379f73596c3454b7694

PODFILE CHECKSUM: e6cbbad1a8e5724611ebedff0c6f0f32e1db04f4

COCOAPODS: 1.4.0.beta.2
