{
  "object": {
    "pins": [
      {
        "package": "Presentables",
        "repositoryURL": "https://github.com/manGoweb/Presentables",
        "state": {
          "branch": null,
          "revision": "1a9ff4db9d5c972bb756c3dda53986cbc9ab7da1",
          "version": "1.0.0"
        }
      },
      {
        "package": "SnapKit",
        "repositoryURL": "https://github.com/SnapKit/SnapKit",
        "state": {
          "branch": null,
          "revision": "d458564516e5676af9c70b4f4b2a9178294f1bc6",
          "version": "5.0.1"
        }
      }
    ]
  },
  "version": 1
}
